
Microsoft Visual Studio Solution File, Format Version 12.00
# Visual Studio Version 17
VisualStudioVersion = 17.13.35818.85 d17.13
MinimumVisualStudioVersion = 10.0.40219.1
Project("{FAE04EC0-301F-11D3-BF4B-00C04F79EFBC}") = "kTVCSSBlazor.MatchManager", "kTVCSSBlazor.MatchManager\kTVCSSBlazor.MatchManager.csproj", "{D576EB3A-812F-4FE3-86BB-52A94EC8DCD5}"
EndProject
Global
	GlobalSection(SolutionConfigurationPlatforms) = preSolution
		Debug|Any CPU = Debug|Any CPU
		Release|Any CPU = Release|Any CPU
	EndGlobalSection
	GlobalSection(ProjectConfigurationPlatforms) = postSolution
		{D576EB3A-812F-4FE3-86BB-52A94EC8DCD5}.Debug|Any CPU.ActiveCfg = Debug|Any CPU
		{D576EB3A-812F-4FE3-86BB-52A94EC8DCD5}.Debug|Any CPU.Build.0 = Debug|Any CPU
		{D576EB3A-812F-4FE3-86BB-52A94EC8DCD5}.Release|Any CPU.ActiveCfg = Release|Any CPU
		{D576EB3A-812F-4FE3-86BB-52A94EC8DCD5}.Release|Any CPU.Build.0 = Release|Any CPU
	EndGlobalSection
	GlobalSection(SolutionProperties) = preSolution
		HideSolutionNode = FALSE
	EndGlobalSection
	GlobalSection(ExtensibilityGlobals) = postSolution
		SolutionGuid = {39059285-6DC7-4F0E-963E-D965A2F0A9EC}
	EndGlobalSection
EndGlobal
